
Microsoft Visual Studio Solution File, Format Version 12.00
# Visual Studio Version 16
VisualStudioVersion = 16.0.30611.23
MinimumVisualStudioVersion = 10.0.40219.1
Project("{FAE04EC0-301F-11D3-BF4B-00C04F79EFBC}") = "Library_PenaltyCalculation", "Library_PenaltyCalculation.csproj", "{200A214A-005F-4AA3-BAEF-F85EDA492217}"
EndProject
Global
	GlobalSection(SolutionConfigurationPlatforms) = preSolution
		Debug|Any CPU = Debug|Any CPU
		Release|Any CPU = Release|Any CPU
	EndGlobalSection
	GlobalSection(ProjectConfigurationPlatforms) = postSolution
		{200A214A-005F-4AA3-BAEF-F85EDA492217}.Debug|Any CPU.ActiveCfg = Debug|Any CPU
		{200A214A-005F-4AA3-BAEF-F85EDA492217}.Debug|Any CPU.Build.0 = Debug|Any CPU
		{200A214A-005F-4AA3-BAEF-F85EDA492217}.Release|Any CPU.ActiveCfg = Release|Any CPU
		{200A214A-005F-4AA3-BAEF-F85EDA492217}.Release|Any CPU.Build.0 = Release|Any CPU
	EndGlobalSection
	GlobalSection(SolutionProperties) = preSolution
		HideSolutionNode = FALSE
	EndGlobalSection
	GlobalSection(ExtensibilityGlobals) = postSolution
		SolutionGuid = {F94EAB77-3E6A-4745-A4FA-51E2DB0C1514}
	EndGlobalSection
EndGlobal
